{
  "version": 4,
  "terraform_version": "0.12.15",
  "serial": 28,
  "lineage": "91b0ae3e-339b-05e6-b3de-bfa25c5a276d",
  "outputs": {
    "o_kong_vpc": {
      "value": {
        "arn": "arn:aws:ec2:ca-central-1:360736453765:vpc/vpc-043b6bf17a321d9cc",
        "assign_generated_ipv6_cidr_block": false,
        "cidr_block": "10.0.0.0/16",
        "default_network_acl_id": "acl-0b0338da675227250",
        "default_route_table_id": "rtb-0a3e020711a9393f9",
        "default_security_group_id": "sg-06d1153de91a5e1fb",
        "dhcp_options_id": "dopt-19104371",
        "enable_classiclink": null,
        "enable_classiclink_dns_support": null,
        "enable_dns_hostnames": true,
        "enable_dns_support": true,
        "id": "vpc-043b6bf17a321d9cc",
        "instance_tenancy": "default",
        "ipv6_association_id": "",
        "ipv6_cidr_block": "",
        "main_route_table_id": "rtb-0a3e020711a9393f9",
        "owner_id": "360736453765",
        "tags": {
          "Environment": "dev",
          "Name": "VPC-kong-dev",
          "Service": "kong"
        }
      },
      "type": [
        "object",
        {
          "arn": "string",
          "assign_generated_ipv6_cidr_block": "bool",
          "cidr_block": "string",
          "default_network_acl_id": "string",
          "default_route_table_id": "string",
          "default_security_group_id": "string",
          "dhcp_options_id": "string",
          "enable_classiclink": "bool",
          "enable_classiclink_dns_support": "bool",
          "enable_dns_hostnames": "bool",
          "enable_dns_support": "bool",
          "id": "string",
          "instance_tenancy": "string",
          "ipv6_association_id": "string",
          "ipv6_cidr_block": "string",
          "main_route_table_id": "string",
          "owner_id": "string",
          "tags": [
            "map",
            "string"
          ]
        }
      ]
    },
    "o_kong_vpc_id": {
      "value": "vpc-043b6bf17a321d9cc",
      "type": "string"
    }
  },
  "resources": [
    {
      "mode": "managed",
      "type": "aws_db_subnet_group",
      "name": "k_db_subnet_group",
      "provider": "provider.aws",
      "instances": []
    },
    {
      "mode": "managed",
      "type": "aws_security_group",
      "name": "kong_vpc_sg",
      "provider": "provider.aws",
      "instances": [
        {
          "schema_version": 1,
          "attributes": {
            "arn": "arn:aws:ec2:ca-central-1:360736453765:security-group/sg-00ae3dae0bb05ac70",
            "description": "VPC level security group",
            "egress": [
              {
                "cidr_blocks": [
                  "0.0.0.0/0"
                ],
                "description": "",
                "from_port": 443,
                "ipv6_cidr_blocks": [],
                "prefix_list_ids": [],
                "protocol": "tcp",
                "security_groups": [],
                "self": false,
                "to_port": 443
              },
              {
                "cidr_blocks": [
                  "0.0.0.0/0"
                ],
                "description": "",
                "from_port": 80,
                "ipv6_cidr_blocks": [],
                "prefix_list_ids": [],
                "protocol": "tcp",
                "security_groups": [],
                "self": false,
                "to_port": 80
              }
            ],
            "id": "sg-00ae3dae0bb05ac70",
            "ingress": [
              {
                "cidr_blocks": [
                  "0.0.0.0/0"
                ],
                "description": "",
                "from_port": 443,
                "ipv6_cidr_blocks": [],
                "prefix_list_ids": [],
                "protocol": "tcp",
                "security_groups": [],
                "self": false,
                "to_port": 443
              },
              {
                "cidr_blocks": [
                  "0.0.0.0/0"
                ],
                "description": "",
                "from_port": 80,
                "ipv6_cidr_blocks": [],
                "prefix_list_ids": [],
                "protocol": "tcp",
                "security_groups": [],
                "self": false,
                "to_port": 80
              }
            ],
            "name": "kong_vpc_sg",
            "name_prefix": null,
            "owner_id": "360736453765",
            "revoke_rules_on_delete": false,
            "tags": {
              "Environment": "dev",
              "Name": "VPC-SG-kong-dev",
              "Service": "kong"
            },
            "timeouts": null,
            "vpc_id": "vpc-043b6bf17a321d9cc"
          },
          "private": "eyJlMmJmYjczMC1lY2FhLTExZTYtOGY4OC0zNDM2M2JjN2M0YzAiOnsiY3JlYXRlIjo2MDAwMDAwMDAwMDAsImRlbGV0ZSI6NjAwMDAwMDAwMDAwfSwic2NoZW1hX3ZlcnNpb24iOiIxIn0=",
          "dependencies": [
            "aws_vpc.kong_vpc"
          ]
        }
      ]
    },
    {
      "mode": "managed",
      "type": "aws_subnet",
      "name": "cache_subnet",
      "provider": "provider.aws",
      "instances": [
        {
          "schema_version": 1,
          "attributes": {
            "arn": "arn:aws:ec2:ca-central-1:360736453765:subnet/subnet-0573b4799e73e3fab",
            "assign_ipv6_address_on_creation": false,
            "availability_zone": "ca-central-1b",
            "availability_zone_id": "cac1-az2",
            "cidr_block": "10.0.4.0/26",
            "id": "subnet-0573b4799e73e3fab",
            "ipv6_cidr_block": "",
            "ipv6_cidr_block_association_id": "",
            "map_public_ip_on_launch": true,
            "owner_id": "360736453765",
            "tags": {
              "Environment": "dev",
              "Name": "Cache-Subnet-kong-dev",
              "Service": "kong",
              "description": "Cache Subnet"
            },
            "timeouts": null,
            "vpc_id": "vpc-043b6bf17a321d9cc"
          },
          "private": "eyJlMmJmYjczMC1lY2FhLTExZTYtOGY4OC0zNDM2M2JjN2M0YzAiOnsiY3JlYXRlIjo2MDAwMDAwMDAwMDAsImRlbGV0ZSI6MTIwMDAwMDAwMDAwMH0sInNjaGVtYV92ZXJzaW9uIjoiMSJ9",
          "dependencies": [
            "aws_vpc.kong_vpc"
          ]
        }
      ]
    },
    {
      "mode": "managed",
      "type": "aws_subnet",
      "name": "db_subnet_2",
      "provider": "provider.aws",
      "instances": [
        {
          "schema_version": 1,
          "attributes": {
            "arn": "arn:aws:ec2:ca-central-1:360736453765:subnet/subnet-01cabb79008a5406e",
            "assign_ipv6_address_on_creation": false,
            "availability_zone": "ca-central-1b",
            "availability_zone_id": "cac1-az2",
            "cidr_block": "10.0.6.0/26",
            "id": "subnet-01cabb79008a5406e",
            "ipv6_cidr_block": "",
            "ipv6_cidr_block_association_id": "",
            "map_public_ip_on_launch": true,
            "owner_id": "360736453765",
            "tags": {
              "Environment": "dev",
              "Name": "DB-Subnet-2-kong-dev",
              "Service": "kong",
              "description": "DB Subnet 2"
            },
            "timeouts": null,
            "vpc_id": "vpc-043b6bf17a321d9cc"
          },
          "private": "eyJlMmJmYjczMC1lY2FhLTExZTYtOGY4OC0zNDM2M2JjN2M0YzAiOnsiY3JlYXRlIjo2MDAwMDAwMDAwMDAsImRlbGV0ZSI6MTIwMDAwMDAwMDAwMH0sInNjaGVtYV92ZXJzaW9uIjoiMSJ9",
          "dependencies": [
            "aws_vpc.kong_vpc"
          ]
        }
      ]
    },
    {
      "mode": "managed",
      "type": "aws_subnet",
      "name": "private_subnet_1",
      "provider": "provider.aws",
      "instances": [
        {
          "schema_version": 1,
          "attributes": {
            "arn": "arn:aws:ec2:ca-central-1:360736453765:subnet/subnet-0863d10c31d44f343",
            "assign_ipv6_address_on_creation": false,
            "availability_zone": "ca-central-1a",
            "availability_zone_id": "cac1-az1",
            "cidr_block": "10.0.1.0/26",
            "id": "subnet-0863d10c31d44f343",
            "ipv6_cidr_block": "",
            "ipv6_cidr_block_association_id": "",
            "map_public_ip_on_launch": true,
            "owner_id": "360736453765",
            "tags": {
              "Environment": "dev",
              "Name": "Private-Subnet-1-kong-dev",
              "Service": "kong",
              "Tier": "private",
              "description": "Kong Private Subnet 1"
            },
            "timeouts": null,
            "vpc_id": "vpc-043b6bf17a321d9cc"
          },
          "private": "eyJlMmJmYjczMC1lY2FhLTExZTYtOGY4OC0zNDM2M2JjN2M0YzAiOnsiY3JlYXRlIjo2MDAwMDAwMDAwMDAsImRlbGV0ZSI6MTIwMDAwMDAwMDAwMH0sInNjaGVtYV92ZXJzaW9uIjoiMSJ9",
          "dependencies": [
            "aws_vpc.kong_vpc"
          ]
        }
      ]
    },
    {
      "mode": "managed",
      "type": "aws_subnet",
      "name": "private_subnet_2",
      "provider": "provider.aws",
      "instances": [
        {
          "schema_version": 1,
          "attributes": {
            "arn": "arn:aws:ec2:ca-central-1:360736453765:subnet/subnet-0bde2f7bfcde9cd35",
            "assign_ipv6_address_on_creation": false,
            "availability_zone": "ca-central-1b",
            "availability_zone_id": "cac1-az2",
            "cidr_block": "10.0.5.0/26",
            "id": "subnet-0bde2f7bfcde9cd35",
            "ipv6_cidr_block": "",
            "ipv6_cidr_block_association_id": "",
            "map_public_ip_on_launch": true,
            "owner_id": "360736453765",
            "tags": {
              "Environment": "dev",
              "Name": "Private-Subnet-2-kong-dev",
              "Service": "kong",
              "Tier": "private",
              "description": "Kong Private Subnet 2"
            },
            "timeouts": null,
            "vpc_id": "vpc-043b6bf17a321d9cc"
          },
          "private": "eyJlMmJmYjczMC1lY2FhLTExZTYtOGY4OC0zNDM2M2JjN2M0YzAiOnsiY3JlYXRlIjo2MDAwMDAwMDAwMDAsImRlbGV0ZSI6MTIwMDAwMDAwMDAwMH0sInNjaGVtYV92ZXJzaW9uIjoiMSJ9",
          "dependencies": [
            "aws_vpc.kong_vpc"
          ]
        }
      ]
    },
    {
      "mode": "managed",
      "type": "aws_subnet",
      "name": "public_subnet",
      "provider": "provider.aws",
      "instances": [
        {
          "schema_version": 1,
          "attributes": {
            "arn": "arn:aws:ec2:ca-central-1:360736453765:subnet/subnet-0d3f10c082810fb7b",
            "assign_ipv6_address_on_creation": false,
            "availability_zone": "ca-central-1a",
            "availability_zone_id": "cac1-az1",
            "cidr_block": "10.0.2.0/26",
            "id": "subnet-0d3f10c082810fb7b",
            "ipv6_cidr_block": "",
            "ipv6_cidr_block_association_id": "",
            "map_public_ip_on_launch": true,
            "owner_id": "360736453765",
            "tags": {
              "Environment": "dev",
              "Name": "Public-Subnet-kong-dev",
              "Service": "kong",
              "Tier": "public",
              "description": "Kong Public Subnet"
            },
            "timeouts": null,
            "vpc_id": "vpc-043b6bf17a321d9cc"
          },
          "private": "eyJlMmJmYjczMC1lY2FhLTExZTYtOGY4OC0zNDM2M2JjN2M0YzAiOnsiY3JlYXRlIjo2MDAwMDAwMDAwMDAsImRlbGV0ZSI6MTIwMDAwMDAwMDAwMH0sInNjaGVtYV92ZXJzaW9uIjoiMSJ9",
          "dependencies": [
            "aws_vpc.kong_vpc"
          ]
        }
      ]
    },
    {
      "mode": "managed",
      "type": "aws_vpc",
      "name": "kong_vpc",
      "provider": "provider.aws",
      "instances": [
        {
          "schema_version": 1,
          "attributes": {
            "arn": "arn:aws:ec2:ca-central-1:360736453765:vpc/vpc-043b6bf17a321d9cc",
            "assign_generated_ipv6_cidr_block": false,
            "cidr_block": "10.0.0.0/16",
            "default_network_acl_id": "acl-0b0338da675227250",
            "default_route_table_id": "rtb-0a3e020711a9393f9",
            "default_security_group_id": "sg-06d1153de91a5e1fb",
            "dhcp_options_id": "dopt-19104371",
            "enable_classiclink": null,
            "enable_classiclink_dns_support": null,
            "enable_dns_hostnames": true,
            "enable_dns_support": true,
            "id": "vpc-043b6bf17a321d9cc",
            "instance_tenancy": "default",
            "ipv6_association_id": "",
            "ipv6_cidr_block": "",
            "main_route_table_id": "rtb-0a3e020711a9393f9",
            "owner_id": "360736453765",
            "tags": {
              "Environment": "dev",
              "Name": "VPC-kong-dev",
              "Service": "kong"
            }
          },
          "private": "eyJzY2hlbWFfdmVyc2lvbiI6IjEifQ=="
        }
      ]
    }
  ]
}
