{
  "version": 4,
  "terraform_version": "0.12.15",
  "serial": 154,
  "lineage": "f8dce6f5-87a6-5e6e-7759-2ef8f0fbff1e",
  "outputs": {
    "master_password": {
      "value": "9U2vZ2KxwqnqMS93pWnb1CqZHHuISU02",
      "type": "string",
      "sensitive": true
    }
  },
  "resources": [
    {
      "mode": "data",
      "type": "aws_vpc",
      "name": "vpc",
      "provider": "provider.aws",
      "instances": [
        {
          "schema_version": 0,
          "attributes": {
            "arn": "arn:aws:ec2:ca-central-1:360736453765:vpc/vpc-043b6bf17a321d9cc",
            "cidr_block": "10.0.0.0/16",
            "cidr_block_associations": [
              {
                "association_id": "vpc-cidr-assoc-0027465d080565165",
                "cidr_block": "10.0.0.0/16",
                "state": "associated"
              }
            ],
            "default": false,
            "dhcp_options_id": "dopt-19104371",
            "enable_dns_hostnames": true,
            "enable_dns_support": true,
            "filter": null,
            "id": "vpc-043b6bf17a321d9cc",
            "instance_tenancy": "default",
            "ipv6_association_id": null,
            "ipv6_cidr_block": null,
            "main_route_table_id": "rtb-0a3e020711a9393f9",
            "owner_id": "360736453765",
            "state": "available",
            "tags": {
              "Environment": "dev",
              "Name": "VPC-kong-dev",
              "Service": "kong"
            }
          }
        }
      ]
    },
    {
      "mode": "managed",
      "type": "aws_alb",
      "name": "external",
      "each": "list",
      "provider": "provider.aws",
      "instances": []
    },
    {
      "mode": "managed",
      "type": "aws_alb_target_group",
      "name": "admin",
      "each": "list",
      "provider": "provider.aws",
      "instances": []
    },
    {
      "mode": "managed",
      "type": "aws_alb_target_group",
      "name": "external",
      "each": "list",
      "provider": "provider.aws",
      "instances": []
    },
    {
      "mode": "managed",
      "type": "aws_alb_target_group",
      "name": "manager",
      "each": "list",
      "provider": "provider.aws",
      "instances": []
    },
    {
      "mode": "managed",
      "type": "aws_alb_target_group",
      "name": "portal",
      "each": "list",
      "provider": "provider.aws",
      "instances": []
    },
    {
      "mode": "managed",
      "type": "aws_alb_target_group",
      "name": "portal-gui",
      "each": "list",
      "provider": "provider.aws",
      "instances": []
    },
    {
      "module": "module.kong-internal-alb-cw",
      "mode": "managed",
      "type": "aws_cloudwatch_metric_alarm",
      "name": "http-code-4xx-count",
      "each": "list",
      "provider": "provider.aws",
      "instances": []
    },
    {
      "module": "module.kong-external-alb-cw",
      "mode": "managed",
      "type": "aws_cloudwatch_metric_alarm",
      "name": "http-code-4xx-count",
      "each": "list",
      "provider": "provider.aws",
      "instances": []
    },
    {
      "module": "module.kong-internal-alb-cw",
      "mode": "managed",
      "type": "aws_cloudwatch_metric_alarm",
      "name": "http-code-5xx-count",
      "each": "list",
      "provider": "provider.aws",
      "instances": []
    },
    {
      "module": "module.kong-external-alb-cw",
      "mode": "managed",
      "type": "aws_cloudwatch_metric_alarm",
      "name": "http-code-5xx-count",
      "each": "list",
      "provider": "provider.aws",
      "instances": []
    },
    {
      "module": "module.kong-internal-alb-cw",
      "mode": "managed",
      "type": "aws_cloudwatch_metric_alarm",
      "name": "unhealthy-host-count",
      "each": "list",
      "provider": "provider.aws",
      "instances": []
    },
    {
      "module": "module.kong-external-alb-cw",
      "mode": "managed",
      "type": "aws_cloudwatch_metric_alarm",
      "name": "unhealthy-host-count",
      "each": "list",
      "provider": "provider.aws",
      "instances": []
    },
    {
      "mode": "managed",
      "type": "aws_db_instance",
      "name": "kong",
      "each": "list",
      "provider": "provider.aws",
      "instances": [
        {
          "index_key": 0,
          "schema_version": 0,
          "attributes": {
            "address": "kong-dev.chn3lqwaj0lx.ca-central-1.rds.amazonaws.com",
            "allocated_storage": 100,
            "allow_major_version_upgrade": null,
            "apply_immediately": null,
            "arn": "arn:aws:rds:ca-central-1:360736453765:db:kong-dev",
            "auto_minor_version_upgrade": true,
            "availability_zone": "ca-central-1b",
            "backup_retention_period": 7,
            "backup_window": "03:46-04:16",
            "ca_cert_identifier": "rds-ca-2015",
            "character_set_name": null,
            "copy_tags_to_snapshot": false,
            "db_subnet_group_name": "k_db_subnet_group",
            "deletion_protection": false,
            "domain": "",
            "domain_iam_role_name": "",
            "enabled_cloudwatch_logs_exports": [],
            "endpoint": "kong-dev.chn3lqwaj0lx.ca-central-1.rds.amazonaws.com:5432",
            "engine": "postgres",
            "engine_version": "11.4",
            "final_snapshot_identifier": null,
            "hosted_zone_id": "Z1JG78A3UK1DU3",
            "iam_database_authentication_enabled": false,
            "id": "kong-dev",
            "identifier": "kong-dev",
            "identifier_prefix": null,
            "instance_class": "db.t2.micro",
            "iops": 0,
            "kms_key_id": "",
            "license_model": "postgresql-license",
            "maintenance_window": "thu:03:13-thu:03:43",
            "max_allocated_storage": 0,
            "monitoring_interval": 0,
            "monitoring_role_arn": "",
            "multi_az": false,
            "name": "",
            "option_group_name": "default:postgres-11",
            "parameter_group_name": "kong-dev",
            "password": "9U2vZ2KxwqnqMS93pWnb1CqZHHuISU02",
            "performance_insights_enabled": false,
            "performance_insights_kms_key_id": "",
            "performance_insights_retention_period": 0,
            "port": 5432,
            "publicly_accessible": false,
            "replicas": [],
            "replicate_source_db": "",
            "resource_id": "db-TWSNEE5UOL5WWKVPCFC5UFEIHU",
            "s3_import": [],
            "security_group_names": [],
            "skip_final_snapshot": false,
            "snapshot_identifier": null,
            "status": "available",
            "storage_encrypted": false,
            "storage_type": "gp2",
            "tags": {
              "Description": "Kong API Gateway",
              "Environment": "dev",
              "Name": "kong-dev",
              "Service": "kong"
            },
            "timeouts": null,
            "timezone": "",
            "username": "root",
            "vpc_security_group_ids": [
              "sg-045cad5370cfa2e5a"
            ]
          }
        }
      ]
    },
    {
      "mode": "managed",
      "type": "aws_db_parameter_group",
      "name": "kong",
      "each": "list",
      "provider": "provider.aws",
      "instances": [
        {
          "index_key": 0,
          "schema_version": 0,
          "attributes": {
            "arn": "arn:aws:rds:ca-central-1:360736453765:pg:kong-dev",
            "description": "Kong API Gateway",
            "family": "postgres11",
            "id": "kong-dev",
            "name": "kong-dev",
            "name_prefix": null,
            "parameter": [],
            "tags": {
              "Description": "Kong API Gateway",
              "Environment": "dev",
              "Name": "kong-dev",
              "Service": "kong"
            }
          }
        }
      ]
    },
    {
      "mode": "managed",
      "type": "aws_elasticache_replication_group",
      "name": "kong",
      "each": "list",
      "provider": "provider.aws",
      "instances": []
    },
    {
      "mode": "managed",
      "type": "aws_rds_cluster",
      "name": "kong",
      "each": "list",
      "provider": "provider.aws",
      "instances": []
    },
    {
      "mode": "managed",
      "type": "aws_rds_cluster_instance",
      "name": "kong",
      "each": "list",
      "provider": "provider.aws",
      "instances": []
    },
    {
      "mode": "managed",
      "type": "aws_rds_cluster_parameter_group",
      "name": "kong",
      "each": "list",
      "provider": "provider.aws",
      "instances": []
    },
    {
      "mode": "managed",
      "type": "aws_security_group",
      "name": "postgresql",
      "provider": "provider.aws",
      "instances": [
        {
          "schema_version": 1,
          "attributes": {
            "arn": "arn:aws:ec2:ca-central-1:360736453765:security-group/sg-045cad5370cfa2e5a",
            "description": "Kong RDS instance",
            "egress": [],
            "id": "sg-045cad5370cfa2e5a",
            "ingress": [],
            "name": "kong-dev-postgresql",
            "name_prefix": null,
            "owner_id": "360736453765",
            "revoke_rules_on_delete": false,
            "tags": {
              "Description": "Kong API Gateway",
              "Environment": "dev",
              "Name": "kong-dev-postgresql",
              "Service": "kong"
            },
            "timeouts": null,
            "vpc_id": "vpc-043b6bf17a321d9cc"
          },
          "private": "eyJlMmJmYjczMC1lY2FhLTExZTYtOGY4OC0zNDM2M2JjN2M0YzAiOnsiY3JlYXRlIjo2MDAwMDAwMDAwMDAsImRlbGV0ZSI6NjAwMDAwMDAwMDAwfSwic2NoZW1hX3ZlcnNpb24iOiIxIn0="
        }
      ]
    },
    {
      "mode": "managed",
      "type": "aws_security_group_rule",
      "name": "internal-lb-egress-manager",
      "each": "list",
      "provider": "provider.aws",
      "instances": []
    },
    {
      "mode": "managed",
      "type": "aws_security_group_rule",
      "name": "internal-lb-egress-portal",
      "each": "list",
      "provider": "provider.aws",
      "instances": []
    },
    {
      "mode": "managed",
      "type": "aws_security_group_rule",
      "name": "internal-lb-egress-portal-gui",
      "each": "list",
      "provider": "provider.aws",
      "instances": []
    },
    {
      "mode": "managed",
      "type": "aws_security_group_rule",
      "name": "internal-lb-ingress-admin",
      "each": "list",
      "provider": "provider.aws",
      "instances": []
    },
    {
      "mode": "managed",
      "type": "aws_security_group_rule",
      "name": "internal-lb-ingress-manager",
      "each": "list",
      "provider": "provider.aws",
      "instances": []
    },
    {
      "mode": "managed",
      "type": "aws_security_group_rule",
      "name": "internal-lb-ingress-portal",
      "each": "list",
      "provider": "provider.aws",
      "instances": []
    },
    {
      "mode": "managed",
      "type": "aws_security_group_rule",
      "name": "internal-lb-ingress-portal-gui",
      "each": "list",
      "provider": "provider.aws",
      "instances": []
    },
    {
      "mode": "managed",
      "type": "aws_security_group_rule",
      "name": "manager-ingress-internal-lb",
      "each": "list",
      "provider": "provider.aws",
      "instances": []
    },
    {
      "mode": "managed",
      "type": "aws_security_group_rule",
      "name": "portal-gui-ingress-internal-lb",
      "each": "list",
      "provider": "provider.aws",
      "instances": []
    },
    {
      "mode": "managed",
      "type": "aws_security_group_rule",
      "name": "portal-ingress-internal-lb",
      "each": "list",
      "provider": "provider.aws",
      "instances": []
    },
    {
      "mode": "managed",
      "type": "random_string",
      "name": "master_password",
      "provider": "provider.random",
      "instances": [
        {
          "schema_version": 1,
          "attributes": {
            "id": "9U2vZ2KxwqnqMS93pWnb1CqZHHuISU02",
            "keepers": null,
            "length": 32,
            "lower": true,
            "min_lower": 0,
            "min_numeric": 0,
            "min_special": 0,
            "min_upper": 0,
            "number": true,
            "override_special": null,
            "result": "9U2vZ2KxwqnqMS93pWnb1CqZHHuISU02",
            "special": false,
            "upper": true
          },
          "private": "eyJzY2hlbWFfdmVyc2lvbiI6IjEifQ=="
        }
      ]
    }
  ]
}
